[[package]]
name = "atomicwrites"
version = "1.4.0"
description = "Atomic file writes."
category = "main"
optional = false
python-versions = ">=2.7, !=3.0.*, !=3.1.*, !=3.2.*, !=3.3.*"

[[package]]
name = "attrs"
version = "21.2.0"
description = "Classes Without Boilerplate"
category = "main"
optional = false
python-versions = ">=2.7, !=3.0.*, !=3.1.*, !=3.2.*, !=3.3.*, !=3.4.*"

[package.extras]
dev = ["coverage[toml] (>=5.0.2)", "hypothesis", "pympler", "pytest (>=4.3.0)", "six", "mypy", "pytest-mypy-plugins", "zope.interface", "furo", "sphinx", "sphinx-notfound-page", "pre-commit"]
docs = ["furo", "sphinx", "zope.interface", "sphinx-notfound-page"]
tests = ["coverage[toml] (>=5.0.2)", "hypothesis", "pympler", "pytest (>=4.3.0)", "six", "mypy", "pytest-mypy-plugins", "zope.interface"]
tests_no_zope = ["coverage[toml] (>=5.0.2)", "hypothesis", "pympler", "pytest (>=4.3.0)", "six", "mypy", "pytest-mypy-plugins"]

[[package]]
name = "click"
version = "7.1.2"
description = "Composable command line interface toolkit"
category = "dev"
optional = false
python-versions = ">=2.7, !=3.0.*, !=3.1.*, !=3.2.*, !=3.3.*, !=3.4.*"

[[package]]
name = "colorama"
version = "0.4.4"
description = "Cross-platform colored terminal text."
category = "main"
optional = false
python-versions = ">=2.7, !=3.0.*, !=3.1.*, !=3.2.*, !=3.3.*, !=3.4.*"

[[package]]
name = "iniconfig"
version = "1.1.1"
description = "iniconfig: brain-dead simple config-ini parsing"
category = "main"
optional = false
python-versions = "*"

[[package]]
name = "packaging"
version = "21.0"
description = "Core utilities for Python packages"
category = "main"
optional = false
python-versions = ">=3.6"

[package.dependencies]
pyparsing = ">=2.0.2"

[[package]]
name = "pluggy"
version = "1.0.0"
description = "plugin and hook calling mechanisms for python"
category = "main"
optional = false
python-versions = ">=3.6"

[package.extras]
dev = ["pre-commit", "tox"]
testing = ["pytest", "pytest-benchmark"]

[[package]]
name = "py"
version = "1.10.0"
description = "library with cross-python path, ini-parsing, io, code, log facilities"
category = "main"
optional = false
python-versions = ">=2.7, !=3.0.*, !=3.1.*, !=3.2.*, !=3.3.*"

[[package]]
name = "pyparsing"
version = "2.4.7"
description = "Python parsing module"
category = "main"
optional = false
python-versions = ">=2.6, !=3.0.*, !=3.1.*, !=3.2.*"

[[package]]
name = "pytest"
version = "6.2.5"
description = "pytest: simple powerful testing with Python"
category = "main"
optional = false
python-versions = ">=3.6"

[package.dependencies]
atomicwrites = {version = ">=1.0", markers = "sys_platform == \"win32\""}
attrs = ">=19.2.0"
colorama = {version = "*", markers = "sys_platform == \"win32\""}
iniconfig = "*"
packaging = "*"
pluggy = ">=0.12,<2.0"
py = ">=1.8.2"
toml = "*"

[package.extras]
testing = ["argcomplete", "hypothesis (>=3.56)", "mock", "nose", "requests", "xmlschema"]

[[package]]
name = "six"
version = "1.16.0"
description = "Python 2 and 3 compatibility utilities"
category = "dev"
optional = false
python-versions = ">=2.7, !=3.0.*, !=3.1.*, !=3.2.*"

[[package]]
name = "spark-parser"
version = "1.8.9"
description = "An Earley-Algorithm Context-free grammar Parser Toolkit"
category = "dev"
optional = false
python-versions = "*"

[package.dependencies]
click = "*"

[[package]]
name = "toml"
version = "0.10.2"
description = "Python Library for Tom's Obvious, Minimal Language"
category = "main"
optional = false
python-versions = ">=2.6, !=3.0.*, !=3.1.*, !=3.2.*"

[[package]]
name = "typer"
version = "0.3.2"
description = "Typer, build great CLIs. Easy to code. Based on Python type hints."
category = "dev"
optional = false
python-versions = ">=3.6"

[package.dependencies]
click = ">=7.1.1,<7.2.0"

[package.extras]
test = ["pytest-xdist (>=1.32.0,<2.0.0)", "pytest-sugar (>=0.9.4,<0.10.0)", "mypy (==0.782)", "black (>=19.10b0,<20.0b0)", "isort (>=5.0.6,<6.0.0)", "shellingham (>=1.3.0,<2.0.0)", "pytest (>=4.4.0,<5.4.0)", "pytest-cov (>=2.10.0,<3.0.0)", "coverage (>=5.2,<6.0)"]
all = ["colorama (>=0.4.3,<0.5.0)", "shellingham (>=1.3.0,<2.0.0)"]
dev = ["autoflake (>=1.3.1,<2.0.0)", "flake8 (>=3.8.3,<4.0.0)"]
doc = ["mkdocs (>=1.1.2,<2.0.0)", "mkdocs-material (>=5.4.0,<6.0.0)", "markdown-include (>=0.5.1,<0.6.0)"]

[[package]]
name = "uncompyle6"
version = "3.7.4"
description = "Python cross-version byte-code decompiler"
category = "dev"
optional = false
python-versions = "*"

[package.dependencies]
spark-parser = ">=1.8.9,<1.9.0"
xdis = ">=5.0.4,<5.1.0"

[[package]]
name = "xdis"
version = "5.0.12"
description = "Python cross-version byte-code disassembler and marshal routines"
category = "dev"
optional = false
python-versions = "*"

[package.dependencies]
click = "*"
six = ">=1.10.0"

[metadata]
lock-version = "1.1"
python-versions = ">=3.9,<3.10"
content-hash = "90719025591076a77b9a1f503bc14c842bb50e165f3a1c69ace66fa30b6c9487"

[metadata.files]
atomicwrites = [
    {file = "atomicwrites-1.4.0-py2.py3-none-any.whl", hash = "sha256:6d1784dea7c0c8d4a5172b6c620f40b6e4cbfdf96d783691f2e1302a7b88e197"},
    {file = "atomicwrites-1.4.0.tar.gz", hash = "sha256:ae70396ad1a434f9c7046fd2dd196fc04b12f9e91ffb859164193be8b6168a7a"},
]
attrs = [
    {file = "attrs-21.2.0-py2.py3-none-any.whl", hash = "sha256:149e90d6d8ac20db7a955ad60cf0e6881a3f20d37096140088356da6c716b0b1"},
    {file = "attrs-21.2.0.tar.gz", hash = "sha256:ef6aaac3ca6cd92904cdd0d83f629a15f18053ec84e6432106f7a4d04ae4f5fb"},
]
click = [
    {file = "click-7.1.2-py2.py3-none-any.whl", hash = "sha256:dacca89f4bfadd5de3d7489b7c8a566eee0d3676333fbb50030263894c38c0dc"},
    {file = "click-7.1.2.tar.gz", hash = "sha256:d2b5255c7c6349bc1bd1e59e08cd12acbbd63ce649f2588755783aa94dfb6b1a"},
]
colorama = [
    {file = "colorama-0.4.4-py2.py3-none-any.whl", hash = "sha256:9f47eda37229f68eee03b24b9748937c7dc3868f906e8ba69fbcbdd3bc5dc3e2"},
    {file = "colorama-0.4.4.tar.gz", hash = "sha256:5941b2b48a20143d2267e95b1c2a7603ce057ee39fd88e7329b0c292aa16869b"},
]
iniconfig = [
    {file = "iniconfig-1.1.1-py2.py3-none-any.whl", hash = "sha256:011e24c64b7f47f6ebd835bb12a743f2fbe9a26d4cecaa7f53bc4f35ee9da8b3"},
    {file = "iniconfig-1.1.1.tar.gz", hash = "sha256:bc3af051d7d14b2ee5ef9969666def0cd1a000e121eaea580d4a313df4b37f32"},
]
packaging = [
    {file = "packaging-21.0-py3-none-any.whl", hash = "sha256:c86254f9220d55e31cc94d69bade760f0847da8000def4dfe1c6b872fd14ff14"},
    {file = "packaging-21.0.tar.gz", hash = "sha256:7dc96269f53a4ccec5c0670940a4281106dd0bb343f47b7471f779df49c2fbe7"},
]
pluggy = [
    {file = "pluggy-1.0.0-py2.py3-none-any.whl", hash = "sha256:74134bbf457f031a36d68416e1509f34bd5ccc019f0bcc952c7b909d06b37bd3"},
    {file = "pluggy-1.0.0.tar.gz", hash = "sha256:4224373bacce55f955a878bf9cfa763c1e360858e330072059e10bad68531159"},
]
py = [
    {file = "py-1.10.0-py2.py3-none-any.whl", hash = "sha256:3b80836aa6d1feeaa108e046da6423ab8f6ceda6468545ae8d02d9d58d18818a"},
    {file = "py-1.10.0.tar.gz", hash = "sha256:21b81bda15b66ef5e1a777a21c4dcd9c20ad3efd0b3f817e7a809035269e1bd3"},
]
pyparsing = [
    {file = "pyparsing-2.4.7-py2.py3-none-any.whl", hash = "sha256:ef9d7589ef3c200abe66653d3f1ab1033c3c419ae9b9bdb1240a85b024efc88b"},
    {file = "pyparsing-2.4.7.tar.gz", hash = "sha256:c203ec8783bf771a155b207279b9bccb8dea02d8f0c9e5f8ead507bc3246ecc1"},
]
pytest = [
    {file = "pytest-6.2.5-py3-none-any.whl", hash = "sha256:7310f8d27bc79ced999e760ca304d69f6ba6c6649c0b60fb0e04a4a77cacc134"},
    {file = "pytest-6.2.5.tar.gz", hash = "sha256:131b36680866a76e6781d13f101efb86cf674ebb9762eb70d3082b6f29889e89"},
]
six = [
    {file = "six-1.16.0-py2.py3-none-any.whl", hash = "sha256:8abb2f1d86890a2dfb989f9a77cfcfd3e47c2a354b01111771326f8aa26e0254"},
    {file = "six-1.16.0.tar.gz", hash = "sha256:1e61c37477a1626458e36f7b1d82aa5c9b094fa4802892072e49de9c60c4c926"},
]
spark-parser = [
    {file = "spark_parser-1.8.9-py2-none-any.whl", hash = "sha256:ea9c25fa79206f23b2b4c233edf5ce9c17edc97b4f39a70056b31f50a2166cce"},
    {file = "spark_parser-1.8.9-py2.4.egg", hash = "sha256:bfd887af6c68c0061fbcc2e763c961a4d82a057081afc5fa26af1a9cfc6bb372"},
    {file = "spark_parser-1.8.9-py2.6.egg", hash = "sha256:c9914d49a46d08346b03efa85d9c1f353cf8dcb660307277ccead151a9cf22ef"},
    {file = "spark_parser-1.8.9-py26-none-any.whl", hash = "sha256:0a6293d05e30a093273bf81eebb97443cb4b8e733c71ad6cc2b6a223b80f3aeb"},
    {file = "spark_parser-1.8.9-py3-none-any.whl", hash = "sha256:e4d366116268010100f054ebda99b3b880c64e4b0aa3d58629ec79e6d033b077"},
    {file = "spark_parser-1.8.9-py38-none-any.whl", hash = "sha256:0a96852dacfbe3a267bba6c9ebc1fcab8904158a5045107267e310e8d18919e5"},
    {file = "spark_parser-1.8.9.tar.gz", hash = "sha256:a7bb97b97953fb8bf0cd8158d820b6467ef1e7f747738e82248ae4c824f1e25a"},
]
toml = [
    {file = "toml-0.10.2-py2.py3-none-any.whl", hash = "sha256:806143ae5bfb6a3c6e736a764057db0e6a0e05e338b5630894a5f779cabb4f9b"},
    {file = "toml-0.10.2.tar.gz", hash = "sha256:b3bda1d108d5dd99f4a20d24d9c348e91c4db7ab1b749200bded2f839ccbe68f"},
]
typer = [
    {file = "typer-0.3.2-py3-none-any.whl", hash = "sha256:ba58b920ce851b12a2d790143009fa00ac1d05b3ff3257061ff69dbdfc3d161b"},
    {file = "typer-0.3.2.tar.gz", hash = "sha256:5455d750122cff96745b0dec87368f56d023725a7ebc9d2e54dd23dc86816303"},
]
uncompyle6 = [
    {file = "uncompyle6-3.7.4-py2-none-any.whl", hash = "sha256:61e91c0d3f58bdc4282833ac71b84c75070d3d4b91d0dada93278e7d32266c1a"},
    {file = "uncompyle6-3.7.4-py2.4.egg", hash = "sha256:fb9fe09fb9e4b491d9c59d95b7bfa40c096f78f17f07c62d1303f449a5dfd0d6"},
    {file = "uncompyle6-3.7.4-py2.5.egg", hash = "sha256:3dd03b6b8d851b32fcf56d2e6fb33e52e29f52857b711725258703caf67b9808"},
    {file = "uncompyle6-3.7.4-py2.6.egg", hash = "sha256:36e90b244129efd75e4c5866827bdf1d8650ee5b227d733197cc5f66db2fa220"},
    {file = "uncompyle6-3.7.4-py2.7.egg", hash = "sha256:a6544683b1f93f025601c5e0cba6f777e1e0b0f4a4e286a420f34ca977df0845"},
    {file = "uncompyle6-3.7.4-py3-none-any.whl", hash = "sha256:1d4159c4962ae990bdf903e53b0f52b3a7b50c44e391834fc7dd2f30dd46f49c"},
    {file = "uncompyle6-3.7.4-py3.2.egg", hash = "sha256:2452e326245998aba5694ae304f74f39605bb327e742483edfa5c147d76a5dbe"},
    {file = "uncompyle6-3.7.4-py3.3.egg", hash = "sha256:67e9c259444f86f715b98c243017d3f7b70a1ab84f05a4c6dda713b74621474c"},
    {file = "uncompyle6-3.7.4-py3.4.egg", hash = "sha256:b4a6b375bf0d0348ac13876011a07a01ab169ec1a0f0e95b49616a740f6741ae"},
    {file = "uncompyle6-3.7.4-py3.5.egg", hash = "sha256:4274b53653dab9249b773ae1110f89a8cac82a38c8e46c236a42c6e3a9164d53"},
    {file = "uncompyle6-3.7.4-py3.6.egg", hash = "sha256:2f9af225ae2df9cfba005197086a1e9ce08ade021232b491dcad7c235206bede"},
    {file = "uncompyle6-3.7.4-py3.7.egg", hash = "sha256:ec3b3cfd6c248b210faa0f09a83a6c5a1d7f77394a009675b4ea7cf8ab434f52"},
    {file = "uncompyle6-3.7.4-py3.8.egg", hash = "sha256:313ff7aed35c7dadb51aa265a54101911046d32000bef1f3ed4c9b0c19f5d88b"},
    {file = "uncompyle6-3.7.4.tar.gz", hash = "sha256:af8330861bf940e7a3ae0f06d129b8e645191a36bf73ca15ff51997a837d41f8"},
]
xdis = [
    {file = "xdis-5.0.12-py2.4.egg", hash = "sha256:b505dbbd4e7792ef27d5e159da84d4618705badda4cded4d9e53f8a800c11ff4"},
    {file = "xdis-5.0.12-py2.5.egg", hash = "sha256:277cbc3a2aa55968c06debd5d1d7a661212fe53552c490dc51a2ca80c7131ac1"},
    {file = "xdis-5.0.12-py2.6.egg", hash = "sha256:62484a3a0faf81b02cec5f25c0a80d13710db0c9f3e6870164a75f587a3699ea"},
    {file = "xdis-5.0.12-py2.7.egg", hash = "sha256:4d08b8a3e235fb6e79b82734bfc00af3ba338aab318023cdd7168d09bb3b9970"},
    {file = "xdis-5.0.12-py2.py3-none-any.whl", hash = "sha256:602a09be2ac93aacc522b8ed477314936d25865527bfe848a9d8a7ec740034ac"},
    {file = "xdis-5.0.12-py3.1.egg", hash = "sha256:0410718827ba0b5618bf22eaff96b814bd69a3afeee88a90a6f6b51964c9ca6c"},
    {file = "xdis-5.0.12-py3.2.egg", hash = "sha256:c7ef7fcd951ced65ef5560863c316afbefb23d9c6e81214f67f36d3af23279f9"},
    {file = "xdis-5.0.12-py3.3.egg", hash = "sha256:dcead744d1e358728e27f38873e74c8bb7f6f0976f16fab914cbf5174d75990a"},
    {file = "xdis-5.0.12-py3.4.egg", hash = "sha256:b8cf96b3ba095e072283aee610940e7b7bb0396e2b1f63dee9f7392f6f148cc2"},
    {file = "xdis-5.0.12-py3.5.egg", hash = "sha256:c619ee44d6b80f414a21d25da3f6d6a8165f205258079997554e2a6cb85e52d9"},
    {file = "xdis-5.0.12-py3.6.egg", hash = "sha256:c628609229d364dd5f738422af13d329d4d48e2d319912d772ef3c011f40559e"},
    {file = "xdis-5.0.12-py3.7.egg", hash = "sha256:310d864451e2c15b5b7601f066ca93e5d7ff00e71f0883e5d11d3fe740de0a41"},
    {file = "xdis-5.0.12-py3.8.egg", hash = "sha256:0972cb247b69f4f3bde903c49dcb286d03825a51c9903adcf5132db9b13bd169"},
    {file = "xdis-5.0.12-py3.9.egg", hash = "sha256:3427dc107412b3d83bae095be6f46ec97610b244215d37105420cec3f4c40895"},
    {file = "xdis-5.0.12.tar.gz", hash = "sha256:fba33d89574eca1a070c2a46f5f131866ef141df23feef937a00406a669e665f"},
]
